version: 2.0
shards:
  ameba:
    git: https://github.com/crystal-ameba/ameba.git
    version: 1.4.3

  bindata:
    git: https://github.com/spider-gazelle/bindata.git
    version: 1.11.1

  lch:
    git: https://github.com/homonoidian/lch.cr.git
    version: 0.1.1

  tablo:
    git: https://github.com/hutou/tablo.git
    version: 0.10.1

  termbox2:
    git: https://github.com/homonoidian/termbox2.cr.git
    version: 0.1.1

